<?xml version="1.0" encoding="utf-8"?>
<Project ToolsVersion="4.0" xmlns="http://schemas.microsoft.com/developer/msbuild/2003">
  <ItemGroup>
    <Filter Include="Source Files">
      <UniqueIdentifier>{4FC737F1-C7A5-4376-A066-2A32D752A2FF}</UniqueIdentifier>
      <Extensions>cpp;c;cc;cxx;def;odl;idl;hpj;bat;asm;asmx</Extensions>
    </Filter>
    <Filter Include="Header Files">
      <UniqueIdentifier>{93995380-89BD-4b04-88EB-625FBE52EBFB}</UniqueIdentifier>
      <Extensions>h;hh;hpp;hxx;hm;inl;inc;ipp;xsd</Extensions>
    </Filter>
    <Filter Include="Resource Files">
      <UniqueIdentifier>{67DA6AB6-F800-4c08-8B7A-83BB121AAD01}</UniqueIdentifier>
      <Extensions>rc;ico;cur;bmp;dlg;rc2;rct;bin;rgs;gif;jpg;jpeg;jpe;resx;tiff;tif;png;wav;mfcribbon-ms</Extensions>
    </Filter>
    <Filter Include="Resource Files\ImGUI">
      <UniqueIdentifier>{deca24a1-60fd-4d62-a724-ea22f7d3e7fe}</UniqueIdentifier>
    </Filter>
    <Filter Include="Resource Files\docs">
      <UniqueIdentifier>{33de1adf-fd51-41c7-8b78-3fa90df21a59}</UniqueIdentifier>
    </Filter>
  </ItemGroup>
  <ItemGroup>
    <ClInclude Include="include\imgui-1.73\imconfig.h">
      <Filter>Resource Files\ImGUI</Filter>
    </ClInclude>
    <ClInclude Include="include\imgui-1.73\imgui.h">
      <Filter>Resource Files\ImGUI</Filter>
    </ClInclude>
    <ClInclude Include="include\imgui-1.73\imgui_internal.h">
      <Filter>Resource Files\ImGUI</Filter>
    </ClInclude>
    <ClInclude Include="include\imgui-1.73\imstb_rectpack.h">
      <Filter>Resource Files\ImGUI</Filter>
    </ClInclude>
    <ClInclude Include="include\imgui-1.73\imstb_textedit.h">
      <Filter>Resource Files\ImGUI</Filter>
    </ClInclude>
    <ClInclude Include="include\imgui-1.73\imstb_truetype.h">
      <Filter>Resource Files\ImGUI</Filter>
    </ClInclude>
    <ClInclude Include="src\Application.h">
      <Filter>Header Files</Filter>
    </ClInclude>
    <ClInclude Include="src\CPU6502.h">
      <Filter>Header Files</Filter>
    </ClInclude>
    <ClInclude Include="src\Module.h">
      <Filter>Header Files</Filter>
    </ClInclude>
    <ClInclude Include="src\Gui.h">
      <Filter>Header Files</Filter>
    </ClInclude>
    <ClInclude Include="src\Render.h">
      <Filter>Header Files</Filter>
    </ClInclude>
    <ClInclude Include="src\Globals.h">
      <Filter>Resource Files</Filter>
    </ClInclude>
    <ClInclude Include="src\Input.h">
      <Filter>Header Files</Filter>
    </ClInclude>
  </ItemGroup>
  <ItemGroup>
    <ClCompile Include="include\imgui-1.73\imgui.cpp">
      <Filter>Resource Files\ImGUI</Filter>
    </ClCompile>
    <ClCompile Include="include\imgui-1.73\imgui_demo.cpp">
      <Filter>Resource Files\ImGUI</Filter>
    </ClCompile>
    <ClCompile Include="include\imgui-1.73\imgui_draw.cpp">
      <Filter>Resource Files\ImGUI</Filter>
    </ClCompile>
    <ClCompile Include="include\imgui-1.73\imgui_widgets.cpp">
      <Filter>Resource Files\ImGUI</Filter>
    </ClCompile>
    <ClCompile Include="src\dragoNES.cpp">
      <Filter>Source Files</Filter>
    </ClCompile>
    <ClCompile Include="src\Application.cpp">
      <Filter>Source Files</Filter>
    </ClCompile>
    <ClCompile Include="src\CPU6502.cpp">
      <Filter>Source Files</Filter>
    </ClCompile>
    <ClCompile Include="src\Gui.cpp">
      <Filter>Source Files</Filter>
    </ClCompile>
    <ClCompile Include="src\Render.cpp">
      <Filter>Source Files</Filter>
    </ClCompile>
    <ClCompile Include="include\imgui-1.73\imgui_impl_opengl3.cpp">
      <Filter>Resource Files\ImGUI</Filter>
    </ClCompile>
    <ClCompile Include="include\imgui-1.73\imgui_impl_sdl.cpp">
      <Filter>Resource Files\ImGUI</Filter>
    </ClCompile>
    <ClCompile Include="src\Input.cpp">
      <Filter>Source Files</Filter>
    </ClCompile>
  </ItemGroup>
  <ItemGroup>
    <Text Include="docs\65xx Opcode List.txt">
      <Filter>Resource Files\docs</Filter>
    </Text>
    <Text Include="docs\65xx Processor Data.txt">
      <Filter>Resource Files\docs</Filter>
    </Text>
  </ItemGroup>
</Project>